
Microsoft Visual Studio Solution File, Format Version 12.00
# Visual Studio Version 16
VisualStudioVersion = 16.0.30413.136
MinimumVisualStudioVersion = 10.0.40219.1
Project("{FAE04EC0-301F-11D3-BF4B-00C04F79EFBC}") = "DAL", "DAL\DAL.csproj", "{425F9600-59BC-4DE2-86A8-B98DF01DDD6C}"
EndProject
Project("{FAE04EC0-301F-11D3-BF4B-00C04F79EFBC}") = "BLL", "BLL\BLL.csproj", "{A37B1292-A73F-4C5B-A1EF-890281C943E9}"
EndProject
Project("{FAE04EC0-301F-11D3-BF4B-00C04F79EFBC}") = "UI", "UI\UI.csproj", "{C0DDA688-95D8-4CA7-A278-1586FD9B9A3A}"
EndProject
Global
	GlobalSection(SolutionConfigurationPlatforms) = preSolution
		Debug|Any CPU = Debug|Any CPU
		Release|Any CPU = Release|Any CPU
	EndGlobalSection
	GlobalSection(ProjectConfigurationPlatforms) = postSolution
		{425F9600-59BC-4DE2-86A8-B98DF01DDD6C}.Debug|Any CPU.ActiveCfg = Debug|Any CPU
		{425F9600-59BC-4DE2-86A8-B98DF01DDD6C}.Debug|Any CPU.Build.0 = Debug|Any CPU
		{425F9600-59BC-4DE2-86A8-B98DF01DDD6C}.Release|Any CPU.ActiveCfg = Release|Any CPU
		{425F9600-59BC-4DE2-86A8-B98DF01DDD6C}.Release|Any CPU.Build.0 = Release|Any CPU
		{A37B1292-A73F-4C5B-A1EF-890281C943E9}.Debug|Any CPU.ActiveCfg = Debug|Any CPU
		{A37B1292-A73F-4C5B-A1EF-890281C943E9}.Debug|Any CPU.Build.0 = Debug|Any CPU
		{A37B1292-A73F-4C5B-A1EF-890281C943E9}.Release|Any CPU.ActiveCfg = Release|Any CPU
		{A37B1292-A73F-4C5B-A1EF-890281C943E9}.Release|Any CPU.Build.0 = Release|Any CPU
		{C0DDA688-95D8-4CA7-A278-1586FD9B9A3A}.Debug|Any CPU.ActiveCfg = Debug|Any CPU
		{C0DDA688-95D8-4CA7-A278-1586FD9B9A3A}.Debug|Any CPU.Build.0 = Debug|Any CPU
		{C0DDA688-95D8-4CA7-A278-1586FD9B9A3A}.Release|Any CPU.ActiveCfg = Release|Any CPU
		{C0DDA688-95D8-4CA7-A278-1586FD9B9A3A}.Release|Any CPU.Build.0 = Release|Any CPU
	EndGlobalSection
	GlobalSection(SolutionProperties) = preSolution
		HideSolutionNode = FALSE
	EndGlobalSection
	GlobalSection(ExtensibilityGlobals) = postSolution
		SolutionGuid = {0704B936-E5BF-458A-B635-205F71B88093}
	EndGlobalSection
EndGlobal
